
Microsoft Visual Studio Solution File, Format Version 12.00
# Visual Studio Version 17
VisualStudioVersion = 17.1.32421.90
MinimumVisualStudioVersion = 10.0.40219.1
Project("{FAE04EC0-301F-11D3-BF4B-00C04F79EFBC}") = "clientiDBmssql", "clientiDBmssql\clientiDBmssql.csproj", "{BD33B4E1-2E44-44EB-914C-CA11F7699550}"
EndProject
Global
	GlobalSection(SolutionConfigurationPlatforms) = preSolution
		Debug|Any CPU = Debug|Any CPU
		Release|Any CPU = Release|Any CPU
	EndGlobalSection
	GlobalSection(ProjectConfigurationPlatforms) = postSolution
		{BD33B4E1-2E44-44EB-914C-CA11F7699550}.Debug|Any CPU.ActiveCfg = Debug|Any CPU
		{BD33B4E1-2E44-44EB-914C-CA11F7699550}.Debug|Any CPU.Build.0 = Debug|Any CPU
		{BD33B4E1-2E44-44EB-914C-CA11F7699550}.Release|Any CPU.ActiveCfg = Release|Any CPU
		{BD33B4E1-2E44-44EB-914C-CA11F7699550}.Release|Any CPU.Build.0 = Release|Any CPU
	EndGlobalSection
	GlobalSection(SolutionProperties) = preSolution
		HideSolutionNode = FALSE
	EndGlobalSection
	GlobalSection(ExtensibilityGlobals) = postSolution
		SolutionGuid = {62FB1B69-671C-4F23-871B-EA24F884F9E8}
	EndGlobalSection
EndGlobal
